PODS:
  - MultiplatformBleAdapter (0.1.9)

DEPENDENCIES:
  - MultiplatformBleAdapter (from `https://github.com/dotintent/MultiPlatformBleAdapter`, tag `0.1.9`)

EXTERNAL SOURCES:
  MultiplatformBleAdapter:
    :git: https://github.com/dotintent/MultiPlatformBleAdapter
    :tag: 0.1.9

CHECKOUT OPTIONS:
  MultiplatformBleAdapter:
    :git: https://github.com/dotintent/MultiPlatformBleAdapter
    :tag: 0.1.9

SPEC CHECKSUMS:
  MultiplatformBleAdapter: 5a6a897b006764392f9cef785e4360f54fb9477d

PODFILE CHECKSUM: f9f1b9dc633d0934b4082af4260181a8d966dfec

COCOAPODS: 1.10.1
